
Microsoft Visual Studio Solution File, Format Version 12.00
# Visual Studio Version 17
VisualStudioVersion = 17.7.34031.279
MinimumVisualStudioVersion = 10.0.40219.1
Project("{FAE04EC0-301F-11D3-BF4B-00C04F79EFBC}") = "Talabat.APIs", "Talabat.APIs\Talabat.APIs.csproj", "{B23DFC2C-B585-4479-A729-C9FA28BA7C43}"
EndProject
Project("{FAE04EC0-301F-11D3-BF4B-00C04F79EFBC}") = "Talabat.Core", "Talabat.Core\Talabat.Core.csproj", "{2CEBF2AC-1FC5-4435-A57F-3F8206C727AF}"
EndProject
Project("{FAE04EC0-301F-11D3-BF4B-00C04F79EFBC}") = "Talabat.Repository", "Talabat.Repository\Talabat.Repository.csproj", "{6346FB73-5468-4907-9335-195B723F3920}"
EndProject
Project("{FAE04EC0-301F-11D3-BF4B-00C04F79EFBC}") = "Talabat.Service", "Talabat.Service\Talabat.Service.csproj", "{7E473EA1-5926-4487-86BE-905535E75CA9}"
EndProject
Global
	GlobalSection(SolutionConfigurationPlatforms) = preSolution
		Debug|Any CPU = Debug|Any CPU
		Release|Any CPU = Release|Any CPU
	EndGlobalSection
	GlobalSection(ProjectConfigurationPlatforms) = postSolution
		{B23DFC2C-B585-4479-A729-C9FA28BA7C43}.Debug|Any CPU.ActiveCfg = Debug|Any CPU
		{B23DFC2C-B585-4479-A729-C9FA28BA7C43}.Debug|Any CPU.Build.0 = Debug|Any CPU
		{B23DFC2C-B585-4479-A729-C9FA28BA7C43}.Release|Any CPU.ActiveCfg = Release|Any CPU
		{B23DFC2C-B585-4479-A729-C9FA28BA7C43}.Release|Any CPU.Build.0 = Release|Any CPU
		{2CEBF2AC-1FC5-4435-A57F-3F8206C727AF}.Debug|Any CPU.ActiveCfg = Debug|Any CPU
		{2CEBF2AC-1FC5-4435-A57F-3F8206C727AF}.Debug|Any CPU.Build.0 = Debug|Any CPU
		{2CEBF2AC-1FC5-4435-A57F-3F8206C727AF}.Release|Any CPU.ActiveCfg = Release|Any CPU
		{2CEBF2AC-1FC5-4435-A57F-3F8206C727AF}.Release|Any CPU.Build.0 = Release|Any CPU
		{6346FB73-5468-4907-9335-195B723F3920}.Debug|Any CPU.ActiveCfg = Debug|Any CPU
		{6346FB73-5468-4907-9335-195B723F3920}.Debug|Any CPU.Build.0 = Debug|Any CPU
		{6346FB73-5468-4907-9335-195B723F3920}.Release|Any CPU.ActiveCfg = Release|Any CPU
		{6346FB73-5468-4907-9335-195B723F3920}.Release|Any CPU.Build.0 = Release|Any CPU
		{7E473EA1-5926-4487-86BE-905535E75CA9}.Debug|Any CPU.ActiveCfg = Debug|Any CPU
		{7E473EA1-5926-4487-86BE-905535E75CA9}.Debug|Any CPU.Build.0 = Debug|Any CPU
		{7E473EA1-5926-4487-86BE-905535E75CA9}.Release|Any CPU.ActiveCfg = Release|Any CPU
		{7E473EA1-5926-4487-86BE-905535E75CA9}.Release|Any CPU.Build.0 = Release|Any CPU
	EndGlobalSection
	GlobalSection(SolutionProperties) = preSolution
		HideSolutionNode = FALSE
	EndGlobalSection
	GlobalSection(ExtensibilityGlobals) = postSolution
		SolutionGuid = {561BB55A-AAF4-4AAE-AB89-64901059B464}
	EndGlobalSection
EndGlobal
